Microsoft Visual Studio Solution File, Format Version 12.00
# Visual Studio Version 17
VisualStudioVersion = 17.5.2.0
MinimumVisualStudioVersion = 10.0.40219.1
Project("{FAE04EC0-301F-11D3-BF4B-00C04F79EFBC}") = "tp6taller", "tp6taller.csproj", "{B7EB305F-454A-1FF6-98C9-D1CCC2CE3B51}"
EndProject
Global
	GlobalSection(SolutionConfigurationPlatforms) = preSolution
		Debug|Any CPU = Debug|Any CPU
		Release|Any CPU = Release|Any CPU
	EndGlobalSection
	GlobalSection(ProjectConfigurationPlatforms) = postSolution
		{B7EB305F-454A-1FF6-98C9-D1CCC2CE3B51}.Debug|Any CPU.ActiveCfg = Debug|Any CPU
		{B7EB305F-454A-1FF6-98C9-D1CCC2CE3B51}.Debug|Any CPU.Build.0 = Debug|Any CPU
		{B7EB305F-454A-1FF6-98C9-D1CCC2CE3B51}.Release|Any CPU.ActiveCfg = Release|Any CPU
		{B7EB305F-454A-1FF6-98C9-D1CCC2CE3B51}.Release|Any CPU.Build.0 = Release|Any CPU
	EndGlobalSection
	GlobalSection(SolutionProperties) = preSolution
		HideSolutionNode = FALSE
	EndGlobalSection
	GlobalSection(ExtensibilityGlobals) = postSolution
		SolutionGuid = {5141662C-64EB-4AA6-B128-65D33F328907}
	EndGlobalSection
EndGlobal
